
Microsoft Visual Studio Solution File, Format Version 12.00
# Visual Studio Version 17
VisualStudioVersion = 17.13.35931.197 d17.13
MinimumVisualStudioVersion = 10.0.40219.1
Project("{888888A0-9F3D-457C-B088-3A5042F75D52}") = "First_Flask_Project", "First_Flask_Project\First_Flask_Project.pyproj", "{2E024C1E-13F9-4AE1-8609-AF7A47025B92}"
EndProject
Global
	GlobalSection(SolutionConfigurationPlatforms) = preSolution
		Debug|Any CPU = Debug|Any CPU
		Release|Any CPU = Release|Any CPU
	EndGlobalSection
	GlobalSection(ProjectConfigurationPlatforms) = postSolution
		{2E024C1E-13F9-4AE1-8609-AF7A47025B92}.Debug|Any CPU.ActiveCfg = Debug|Any CPU
		{2E024C1E-13F9-4AE1-8609-AF7A47025B92}.Debug|Any CPU.Build.0 = Debug|Any CPU
		{2E024C1E-13F9-4AE1-8609-AF7A47025B92}.Release|Any CPU.ActiveCfg = Release|Any CPU
		{2E024C1E-13F9-4AE1-8609-AF7A47025B92}.Release|Any CPU.Build.0 = Release|Any CPU
	EndGlobalSection
	GlobalSection(SolutionProperties) = preSolution
		HideSolutionNode = FALSE
	EndGlobalSection
	GlobalSection(ExtensibilityGlobals) = postSolution
		SolutionGuid = {5FAFBC72-9740-491F-B6BA-955C1D7D28E3}
	EndGlobalSection
EndGlobal
